<?xml version="1.0"?>
<Project ToolsVersion="4.0" xmlns="http://schemas.microsoft.com/developer/msbuild/2003">
	<ItemGroup>
		<ClCompile Include="src\ofApp.cpp">
			<Filter>src</Filter>
		</ClCompile>
		<ClCompile Include="src\main.cpp">
			<Filter>src</Filter>
		</ClCompile>
		<ClCompile Include="src\main.cpp">
			<Filter>src</Filter>
		</ClCompile>
		<ClCompile Include="src\ofApp.cpp">
			<Filter>src</Filter>
		</ClCompile>
		<ClCompile Include="ofxASR\src\ofxSphinxASR.cpp">
			<Filter>local_addons\ofxASR\src</Filter>
		</ClCompile>
	</ItemGroup>
	<ItemGroup>
		<Filter Include="src">
			<UniqueIdentifier>{d8376475-7454-4a24-b08a-aac121d3ad6f}</UniqueIdentifier>
		</Filter>
		<Filter Include="local_addons">
			<UniqueIdentifier>{DE6745C7-E99D-D8E0-F77D-C032}</UniqueIdentifier>
		</Filter>
		<Filter Include="local_addons\ofxASR">
			<UniqueIdentifier>{67EF3EC6-2E05-0611-C8D0-9C37}</UniqueIdentifier>
		</Filter>
		<Filter Include="local_addons\ofxASR\src">
			<UniqueIdentifier>{1D14927B-0EC8-9FD8-462C-5B00}</UniqueIdentifier>
		</Filter>
		<Filter Include="local_addons\ofxASR\libs">
			<UniqueIdentifier>{9C187827-4ACD-227A-E224-C261}</UniqueIdentifier>
		</Filter>
		<Filter Include="local_addons\ofxASR\libs\sphinx">
			<UniqueIdentifier>{67E70B52-6935-745F-96BA-8731}</UniqueIdentifier>
		</Filter>
		<Filter Include="local_addons\ofxASR\libs\sphinx\include">
			<UniqueIdentifier>{C9E1B4E2-1C2C-7E54-3B4F-BA72}</UniqueIdentifier>
		</Filter>
		<Filter Include="local_addons\ofxASR\libs\sphinx\include\sphinx3">
			<UniqueIdentifier>{4E46A5E2-5060-E31D-8EF0-0069}</UniqueIdentifier>
		</Filter>
		<Filter Include="local_addons\ofxASR\libs\sphinx\include\sphinxbase">
			<UniqueIdentifier>{F6809F0E-D3A5-D845-11C8-5843}</UniqueIdentifier>
		</Filter>
	</ItemGroup>
	<ItemGroup>
		<ClInclude Include="src\ofApp.h">
			<Filter>src</Filter>
		</ClInclude>
		<ClInclude Include="src\ofApp.h">
			<Filter>src</Filter>
		</ClInclude>
		<ClInclude Include="ofxASR\src\ofxASR.h">
			<Filter>local_addons\ofxASR\src</Filter>
		</ClInclude>
		<ClInclude Include="ofxASR\src\ofxBaseASR.h">
			<Filter>local_addons\ofxASR\src</Filter>
		</ClInclude>
		<ClInclude Include="ofxASR\src\ofxSphinxASR.h">
			<Filter>local_addons\ofxASR\src</Filter>
		</ClInclude>
		<ClInclude Include="ofxASR\libs\sphinx\include\sphinx3\adaptor.h">
			<Filter>local_addons\ofxASR\libs\sphinx\include\sphinx3</Filter>
		</ClInclude>
		<ClInclude Include="ofxASR\libs\sphinx\include\sphinx3\approx_cont_mgau.h">
			<Filter>local_addons\ofxASR\libs\sphinx\include\sphinx3</Filter>
		</ClInclude>
		<ClInclude Include="ofxASR\libs\sphinx\include\sphinx3\ascr.h">
			<Filter>local_addons\ofxASR\libs\sphinx\include\sphinx3</Filter>
		</ClInclude>
		<ClInclude Include="ofxASR\libs\sphinx\include\sphinx3\astar.h">
			<Filter>local_addons\ofxASR\libs\sphinx\include\sphinx3</Filter>
		</ClInclude>
		<ClInclude Include="ofxASR\libs\sphinx\include\sphinx3\blkarray_list.h">
			<Filter>local_addons\ofxASR\libs\sphinx\include\sphinx3</Filter>
		</ClInclude>
		<ClInclude Include="ofxASR\libs\sphinx\include\sphinx3\cb2mllr_io.h">
			<Filter>local_addons\ofxASR\libs\sphinx\include\sphinx3</Filter>
		</ClInclude>
		<ClInclude Include="ofxASR\libs\sphinx\include\sphinx3\classifier.h">
			<Filter>local_addons\ofxASR\libs\sphinx\include\sphinx3</Filter>
		</ClInclude>
		<ClInclude Include="ofxASR\libs\sphinx\include\sphinx3\classify.h">
			<Filter>local_addons\ofxASR\libs\sphinx\include\sphinx3</Filter>
		</ClInclude>
		<ClInclude Include="ofxASR\libs\sphinx\include\sphinx3\cmdln_macro.h">
			<Filter>local_addons\ofxASR\libs\sphinx\include\sphinx3</Filter>
		</ClInclude>
		<ClInclude Include="ofxASR\libs\sphinx\include\sphinx3\confidence.h">
			<Filter>local_addons\ofxASR\libs\sphinx\include\sphinx3</Filter>
		</ClInclude>
		<ClInclude Include="ofxASR\libs\sphinx\include\sphinx3\cont_mgau.h">
			<Filter>local_addons\ofxASR\libs\sphinx\include\sphinx3</Filter>
		</ClInclude>
		<ClInclude Include="ofxASR\libs\sphinx\include\sphinx3\corpus.h">
			<Filter>local_addons\ofxASR\libs\sphinx\include\sphinx3</Filter>
		</ClInclude>
		<ClInclude Include="ofxASR\libs\sphinx\include\sphinx3\ctxt_table.h">
			<Filter>local_addons\ofxASR\libs\sphinx\include\sphinx3</Filter>
		</ClInclude>
		<ClInclude Include="ofxASR\libs\sphinx\include\sphinx3\dag.h">
			<Filter>local_addons\ofxASR\libs\sphinx\include\sphinx3</Filter>
		</ClInclude>
		<ClInclude Include="ofxASR\libs\sphinx\include\sphinx3\dict.h">
			<Filter>local_addons\ofxASR\libs\sphinx\include\sphinx3</Filter>
		</ClInclude>
		<ClInclude Include="ofxASR\libs\sphinx\include\sphinx3\dict2pid.h">
			<Filter>local_addons\ofxASR\libs\sphinx\include\sphinx3</Filter>
		</ClInclude>
		<ClInclude Include="ofxASR\libs\sphinx\include\sphinx3\encoding.h">
			<Filter>local_addons\ofxASR\libs\sphinx\include\sphinx3</Filter>
		</ClInclude>
		<ClInclude Include="ofxASR\libs\sphinx\include\sphinx3\endptr.h">
			<Filter>local_addons\ofxASR\libs\sphinx\include\sphinx3</Filter>
		</ClInclude>
		<ClInclude Include="ofxASR\libs\sphinx\include\sphinx3\fast_algo_struct.h">
			<Filter>local_addons\ofxASR\libs\sphinx\include\sphinx3</Filter>
		</ClInclude>
		<ClInclude Include="ofxASR\libs\sphinx\include\sphinx3\fillpen.h">
			<Filter>local_addons\ofxASR\libs\sphinx\include\sphinx3</Filter>
		</ClInclude>
		<ClInclude Include="ofxASR\libs\sphinx\include\sphinx3\fsg.h">
			<Filter>local_addons\ofxASR\libs\sphinx\include\sphinx3</Filter>
		</ClInclude>
		<ClInclude Include="ofxASR\libs\sphinx\include\sphinx3\fsg_history.h">
			<Filter>local_addons\ofxASR\libs\sphinx\include\sphinx3</Filter>
		</ClInclude>
		<ClInclude Include="ofxASR\libs\sphinx\include\sphinx3\fsg_lextree.h">
			<Filter>local_addons\ofxASR\libs\sphinx\include\sphinx3</Filter>
		</ClInclude>
		<ClInclude Include="ofxASR\libs\sphinx\include\sphinx3\fsg_psubtree.h">
			<Filter>local_addons\ofxASR\libs\sphinx\include\sphinx3</Filter>
		</ClInclude>
		<ClInclude Include="ofxASR\libs\sphinx\include\sphinx3\fsg_search.h">
			<Filter>local_addons\ofxASR\libs\sphinx\include\sphinx3</Filter>
		</ClInclude>
		<ClInclude Include="ofxASR\libs\sphinx\include\sphinx3\gmm_wrap.h">
			<Filter>local_addons\ofxASR\libs\sphinx\include\sphinx3</Filter>
		</ClInclude>
		<ClInclude Include="ofxASR\libs\sphinx\include\sphinx3\gs.h">
			<Filter>local_addons\ofxASR\libs\sphinx\include\sphinx3</Filter>
		</ClInclude>
		<ClInclude Include="ofxASR\libs\sphinx\include\sphinx3\hmm.h">
			<Filter>local_addons\ofxASR\libs\sphinx\include\sphinx3</Filter>
		</ClInclude>
		<ClInclude Include="ofxASR\libs\sphinx\include\sphinx3\interp.h">
			<Filter>local_addons\ofxASR\libs\sphinx\include\sphinx3</Filter>
		</ClInclude>
		<ClInclude Include="ofxASR\libs\sphinx\include\sphinx3\kb.h">
			<Filter>local_addons\ofxASR\libs\sphinx\include\sphinx3</Filter>
		</ClInclude>
		<ClInclude Include="ofxASR\libs\sphinx\include\sphinx3\kbcore.h">
			<Filter>local_addons\ofxASR\libs\sphinx\include\sphinx3</Filter>
		</ClInclude>
		<ClInclude Include="ofxASR\libs\sphinx\include\sphinx3\kdtree.h">
			<Filter>local_addons\ofxASR\libs\sphinx\include\sphinx3</Filter>
		</ClInclude>
		<ClInclude Include="ofxASR\libs\sphinx\include\sphinx3\lextree.h">
			<Filter>local_addons\ofxASR\libs\sphinx\include\sphinx3</Filter>
		</ClInclude>
		<ClInclude Include="ofxASR\libs\sphinx\include\sphinx3\lm.h">
			<Filter>local_addons\ofxASR\libs\sphinx\include\sphinx3</Filter>
		</ClInclude>
		<ClInclude Include="ofxASR\libs\sphinx\include\sphinx3\lmclass.h">
			<Filter>local_addons\ofxASR\libs\sphinx\include\sphinx3</Filter>
		</ClInclude>
		<ClInclude Include="ofxASR\libs\sphinx\include\sphinx3\logs3.h">
			<Filter>local_addons\ofxASR\libs\sphinx\include\sphinx3</Filter>
		</ClInclude>
		<ClInclude Include="ofxASR\libs\sphinx\include\sphinx3\lts.h">
			<Filter>local_addons\ofxASR\libs\sphinx\include\sphinx3</Filter>
		</ClInclude>
		<ClInclude Include="ofxASR\libs\sphinx\include\sphinx3\mdef.h">
			<Filter>local_addons\ofxASR\libs\sphinx\include\sphinx3</Filter>
		</ClInclude>
		<ClInclude Include="ofxASR\libs\sphinx\include\sphinx3\misc.h">
			<Filter>local_addons\ofxASR\libs\sphinx\include\sphinx3</Filter>
		</ClInclude>
		<ClInclude Include="ofxASR\libs\sphinx\include\sphinx3\mllr.h">
			<Filter>local_addons\ofxASR\libs\sphinx\include\sphinx3</Filter>
		</ClInclude>
		<ClInclude Include="ofxASR\libs\sphinx\include\sphinx3\ms_gauden.h">
			<Filter>local_addons\ofxASR\libs\sphinx\include\sphinx3</Filter>
		</ClInclude>
		<ClInclude Include="ofxASR\libs\sphinx\include\sphinx3\ms_mgau.h">
			<Filter>local_addons\ofxASR\libs\sphinx\include\sphinx3</Filter>
		</ClInclude>
		<ClInclude Include="ofxASR\libs\sphinx\include\sphinx3\ms_mllr.h">
			<Filter>local_addons\ofxASR\libs\sphinx\include\sphinx3</Filter>
		</ClInclude>
		<ClInclude Include="ofxASR\libs\sphinx\include\sphinx3\ms_senone.h">
			<Filter>local_addons\ofxASR\libs\sphinx\include\sphinx3</Filter>
		</ClInclude>
		<ClInclude Include="ofxASR\libs\sphinx\include\sphinx3\s2_semi_mgau.h">
			<Filter>local_addons\ofxASR\libs\sphinx\include\sphinx3</Filter>
		</ClInclude>
		<ClInclude Include="ofxASR\libs\sphinx\include\sphinx3\s3types.h">
			<Filter>local_addons\ofxASR\libs\sphinx\include\sphinx3</Filter>
		</ClInclude>
		<ClInclude Include="ofxASR\libs\sphinx\include\sphinx3\s3_arraylist.h">
			<Filter>local_addons\ofxASR\libs\sphinx\include\sphinx3</Filter>
		</ClInclude>
		<ClInclude Include="ofxASR\libs\sphinx\include\sphinx3\s3_cfg.h">
			<Filter>local_addons\ofxASR\libs\sphinx\include\sphinx3</Filter>
		</ClInclude>
		<ClInclude Include="ofxASR\libs\sphinx\include\sphinx3\s3_decode.h">
			<Filter>local_addons\ofxASR\libs\sphinx\include\sphinx3</Filter>
		</ClInclude>
		<ClInclude Include="ofxASR\libs\sphinx\include\sphinx3\s3_endpointer.h">
			<Filter>local_addons\ofxASR\libs\sphinx\include\sphinx3</Filter>
		</ClInclude>
		<ClInclude Include="ofxASR\libs\sphinx\include\sphinx3\search.h">
			<Filter>local_addons\ofxASR\libs\sphinx\include\sphinx3</Filter>
		</ClInclude>
		<ClInclude Include="ofxASR\libs\sphinx\include\sphinx3\sort.h">
			<Filter>local_addons\ofxASR\libs\sphinx\include\sphinx3</Filter>
		</ClInclude>
		<ClInclude Include="ofxASR\libs\sphinx\include\sphinx3\sphinx3_export.h">
			<Filter>local_addons\ofxASR\libs\sphinx\include\sphinx3</Filter>
		</ClInclude>
		<ClInclude Include="ofxASR\libs\sphinx\include\sphinx3\srch.h">
			<Filter>local_addons\ofxASR\libs\sphinx\include\sphinx3</Filter>
		</ClInclude>
		<ClInclude Include="ofxASR\libs\sphinx\include\sphinx3\srch_allphone.h">
			<Filter>local_addons\ofxASR\libs\sphinx\include\sphinx3</Filter>
		</ClInclude>
		<ClInclude Include="ofxASR\libs\sphinx\include\sphinx3\srch_debug.h">
			<Filter>local_addons\ofxASR\libs\sphinx\include\sphinx3</Filter>
		</ClInclude>
		<ClInclude Include="ofxASR\libs\sphinx\include\sphinx3\srch_do_nothing.h">
			<Filter>local_addons\ofxASR\libs\sphinx\include\sphinx3</Filter>
		</ClInclude>
		<ClInclude Include="ofxASR\libs\sphinx\include\sphinx3\srch_flat_fwd.h">
			<Filter>local_addons\ofxASR\libs\sphinx\include\sphinx3</Filter>
		</ClInclude>
		<ClInclude Include="ofxASR\libs\sphinx\include\sphinx3\srch_fsg.h">
			<Filter>local_addons\ofxASR\libs\sphinx\include\sphinx3</Filter>
		</ClInclude>
		<ClInclude Include="ofxASR\libs\sphinx\include\sphinx3\srch_output.h">
			<Filter>local_addons\ofxASR\libs\sphinx\include\sphinx3</Filter>
		</ClInclude>
		<ClInclude Include="ofxASR\libs\sphinx\include\sphinx3\srch_time_switch_tree.h">
			<Filter>local_addons\ofxASR\libs\sphinx\include\sphinx3</Filter>
		</ClInclude>
		<ClInclude Include="ofxASR\libs\sphinx\include\sphinx3\srch_word_switch_tree.h">
			<Filter>local_addons\ofxASR\libs\sphinx\include\sphinx3</Filter>
		</ClInclude>
		<ClInclude Include="ofxASR\libs\sphinx\include\sphinx3\stat.h">
			<Filter>local_addons\ofxASR\libs\sphinx\include\sphinx3</Filter>
		</ClInclude>
		<ClInclude Include="ofxASR\libs\sphinx\include\sphinx3\subvq.h">
			<Filter>local_addons\ofxASR\libs\sphinx\include\sphinx3</Filter>
		</ClInclude>
		<ClInclude Include="ofxASR\libs\sphinx\include\sphinx3\tmat.h">
			<Filter>local_addons\ofxASR\libs\sphinx\include\sphinx3</Filter>
		</ClInclude>
		<ClInclude Include="ofxASR\libs\sphinx\include\sphinx3\utt.h">
			<Filter>local_addons\ofxASR\libs\sphinx\include\sphinx3</Filter>
		</ClInclude>
		<ClInclude Include="ofxASR\libs\sphinx\include\sphinx3\vector.h">
			<Filter>local_addons\ofxASR\libs\sphinx\include\sphinx3</Filter>
		</ClInclude>
		<ClInclude Include="ofxASR\libs\sphinx\include\sphinx3\vithist.h">
			<Filter>local_addons\ofxASR\libs\sphinx\include\sphinx3</Filter>
		</ClInclude>
		<ClInclude Include="ofxASR\libs\sphinx\include\sphinx3\whmm.h">
			<Filter>local_addons\ofxASR\libs\sphinx\include\sphinx3</Filter>
		</ClInclude>
		<ClInclude Include="ofxASR\libs\sphinx\include\sphinx3\wid.h">
			<Filter>local_addons\ofxASR\libs\sphinx\include\sphinx3</Filter>
		</ClInclude>
		<ClInclude Include="ofxASR\libs\sphinx\include\sphinx3\word_fsg.h">
			<Filter>local_addons\ofxASR\libs\sphinx\include\sphinx3</Filter>
		</ClInclude>
		<ClInclude Include="ofxASR\libs\sphinx\include\sphinx3\word_graph.h">
			<Filter>local_addons\ofxASR\libs\sphinx\include\sphinx3</Filter>
		</ClInclude>
		<ClInclude Include="ofxASR\libs\sphinx\include\sphinx3\word_ugprob.h">
			<Filter>local_addons\ofxASR\libs\sphinx\include\sphinx3</Filter>
		</ClInclude>
		<ClInclude Include="ofxASR\libs\sphinx\include\sphinxbase\ad.h">
			<Filter>local_addons\ofxASR\libs\sphinx\include\sphinxbase</Filter>
		</ClInclude>
		<ClInclude Include="ofxASR\libs\sphinx\include\sphinxbase\agc.h">
			<Filter>local_addons\ofxASR\libs\sphinx\include\sphinxbase</Filter>
		</ClInclude>
		<ClInclude Include="ofxASR\libs\sphinx\include\sphinxbase\bio.h">
			<Filter>local_addons\ofxASR\libs\sphinx\include\sphinxbase</Filter>
		</ClInclude>
		<ClInclude Include="ofxASR\libs\sphinx\include\sphinxbase\bitvec.h">
			<Filter>local_addons\ofxASR\libs\sphinx\include\sphinxbase</Filter>
		</ClInclude>
		<ClInclude Include="ofxASR\libs\sphinx\include\sphinxbase\byteorder.h">
			<Filter>local_addons\ofxASR\libs\sphinx\include\sphinxbase</Filter>
		</ClInclude>
		<ClInclude Include="ofxASR\libs\sphinx\include\sphinxbase\case.h">
			<Filter>local_addons\ofxASR\libs\sphinx\include\sphinxbase</Filter>
		</ClInclude>
		<ClInclude Include="ofxASR\libs\sphinx\include\sphinxbase\ckd_alloc.h">
			<Filter>local_addons\ofxASR\libs\sphinx\include\sphinxbase</Filter>
		</ClInclude>
		<ClInclude Include="ofxASR\libs\sphinx\include\sphinxbase\clapack_lite.h">
			<Filter>local_addons\ofxASR\libs\sphinx\include\sphinxbase</Filter>
		</ClInclude>
		<ClInclude Include="ofxASR\libs\sphinx\include\sphinxbase\cmd_ln.h">
			<Filter>local_addons\ofxASR\libs\sphinx\include\sphinxbase</Filter>
		</ClInclude>
		<ClInclude Include="ofxASR\libs\sphinx\include\sphinxbase\cmn.h">
			<Filter>local_addons\ofxASR\libs\sphinx\include\sphinxbase</Filter>
		</ClInclude>
		<ClInclude Include="ofxASR\libs\sphinx\include\sphinxbase\config.h">
			<Filter>local_addons\ofxASR\libs\sphinx\include\sphinxbase</Filter>
		</ClInclude>
		<ClInclude Include="ofxASR\libs\sphinx\include\sphinxbase\cont_ad.h">
			<Filter>local_addons\ofxASR\libs\sphinx\include\sphinxbase</Filter>
		</ClInclude>
		<ClInclude Include="ofxASR\libs\sphinx\include\sphinxbase\err.h">
			<Filter>local_addons\ofxASR\libs\sphinx\include\sphinxbase</Filter>
		</ClInclude>
		<ClInclude Include="ofxASR\libs\sphinx\include\sphinxbase\f2c.h">
			<Filter>local_addons\ofxASR\libs\sphinx\include\sphinxbase</Filter>
		</ClInclude>
		<ClInclude Include="ofxASR\libs\sphinx\include\sphinxbase\fe.h">
			<Filter>local_addons\ofxASR\libs\sphinx\include\sphinxbase</Filter>
		</ClInclude>
		<ClInclude Include="ofxASR\libs\sphinx\include\sphinxbase\feat.h">
			<Filter>local_addons\ofxASR\libs\sphinx\include\sphinxbase</Filter>
		</ClInclude>
		<ClInclude Include="ofxASR\libs\sphinx\include\sphinxbase\filename.h">
			<Filter>local_addons\ofxASR\libs\sphinx\include\sphinxbase</Filter>
		</ClInclude>
		<ClInclude Include="ofxASR\libs\sphinx\include\sphinxbase\fixpoint.h">
			<Filter>local_addons\ofxASR\libs\sphinx\include\sphinxbase</Filter>
		</ClInclude>
		<ClInclude Include="ofxASR\libs\sphinx\include\sphinxbase\fsg_model.h">
			<Filter>local_addons\ofxASR\libs\sphinx\include\sphinxbase</Filter>
		</ClInclude>
		<ClInclude Include="ofxASR\libs\sphinx\include\sphinxbase\genrand.h">
			<Filter>local_addons\ofxASR\libs\sphinx\include\sphinxbase</Filter>
		</ClInclude>
		<ClInclude Include="ofxASR\libs\sphinx\include\sphinxbase\glist.h">
			<Filter>local_addons\ofxASR\libs\sphinx\include\sphinxbase</Filter>
		</ClInclude>
		<ClInclude Include="ofxASR\libs\sphinx\include\sphinxbase\hash_table.h">
			<Filter>local_addons\ofxASR\libs\sphinx\include\sphinxbase</Filter>
		</ClInclude>
		<ClInclude Include="ofxASR\libs\sphinx\include\sphinxbase\heap.h">
			<Filter>local_addons\ofxASR\libs\sphinx\include\sphinxbase</Filter>
		</ClInclude>
		<ClInclude Include="ofxASR\libs\sphinx\include\sphinxbase\huff_code.h">
			<Filter>local_addons\ofxASR\libs\sphinx\include\sphinxbase</Filter>
		</ClInclude>
		<ClInclude Include="ofxASR\libs\sphinx\include\sphinxbase\info.h">
			<Filter>local_addons\ofxASR\libs\sphinx\include\sphinxbase</Filter>
		</ClInclude>
		<ClInclude Include="ofxASR\libs\sphinx\include\sphinxbase\jsgf.h">
			<Filter>local_addons\ofxASR\libs\sphinx\include\sphinxbase</Filter>
		</ClInclude>
		<ClInclude Include="ofxASR\libs\sphinx\include\sphinxbase\libutil.h">
			<Filter>local_addons\ofxASR\libs\sphinx\include\sphinxbase</Filter>
		</ClInclude>
		<ClInclude Include="ofxASR\libs\sphinx\include\sphinxbase\listelem_alloc.h">
			<Filter>local_addons\ofxASR\libs\sphinx\include\sphinxbase</Filter>
		</ClInclude>
		<ClInclude Include="ofxASR\libs\sphinx\include\sphinxbase\logmath.h">
			<Filter>local_addons\ofxASR\libs\sphinx\include\sphinxbase</Filter>
		</ClInclude>
		<ClInclude Include="ofxASR\libs\sphinx\include\sphinxbase\matrix.h">
			<Filter>local_addons\ofxASR\libs\sphinx\include\sphinxbase</Filter>
		</ClInclude>
		<ClInclude Include="ofxASR\libs\sphinx\include\sphinxbase\mmio.h">
			<Filter>local_addons\ofxASR\libs\sphinx\include\sphinxbase</Filter>
		</ClInclude>
		<ClInclude Include="ofxASR\libs\sphinx\include\sphinxbase\mulaw.h">
			<Filter>local_addons\ofxASR\libs\sphinx\include\sphinxbase</Filter>
		</ClInclude>
		<ClInclude Include="ofxASR\libs\sphinx\include\sphinxbase\ngram_model.h">
			<Filter>local_addons\ofxASR\libs\sphinx\include\sphinxbase</Filter>
		</ClInclude>
		<ClInclude Include="ofxASR\libs\sphinx\include\sphinxbase\pio.h">
			<Filter>local_addons\ofxASR\libs\sphinx\include\sphinxbase</Filter>
		</ClInclude>
		<ClInclude Include="ofxASR\libs\sphinx\include\sphinxbase\prim_type.h">
			<Filter>local_addons\ofxASR\libs\sphinx\include\sphinxbase</Filter>
		</ClInclude>
		<ClInclude Include="ofxASR\libs\sphinx\include\sphinxbase\profile.h">
			<Filter>local_addons\ofxASR\libs\sphinx\include\sphinxbase</Filter>
		</ClInclude>
		<ClInclude Include="ofxASR\libs\sphinx\include\sphinxbase\sbthread.h">
			<Filter>local_addons\ofxASR\libs\sphinx\include\sphinxbase</Filter>
		</ClInclude>
		<ClInclude Include="ofxASR\libs\sphinx\include\sphinxbase\sphinxbase_export.h">
			<Filter>local_addons\ofxASR\libs\sphinx\include\sphinxbase</Filter>
		</ClInclude>
		<ClInclude Include="ofxASR\libs\sphinx\include\sphinxbase\sphinx_config.h">
			<Filter>local_addons\ofxASR\libs\sphinx\include\sphinxbase</Filter>
		</ClInclude>
		<ClInclude Include="ofxASR\libs\sphinx\include\sphinxbase\strfuncs.h">
			<Filter>local_addons\ofxASR\libs\sphinx\include\sphinxbase</Filter>
		</ClInclude>
		<ClInclude Include="ofxASR\libs\sphinx\include\sphinxbase\unlimit.h">
			<Filter>local_addons\ofxASR\libs\sphinx\include\sphinxbase</Filter>
		</ClInclude>
		<ClInclude Include="ofxASR\libs\sphinx\include\sphinxbase\yin.h">
			<Filter>local_addons\ofxASR\libs\sphinx\include\sphinxbase</Filter>
		</ClInclude>
	</ItemGroup>
	<ItemGroup>
		<ResourceCompile Include="icon.rc" />
	</ItemGroup>
</Project>
